
Microsoft Visual Studio Solution File, Format Version 12.00
# Visual Studio 2012
Project("{FAE04EC0-301F-11D3-BF4B-00C04F79EFBC}") = "ICT13580002A2", "ICT13580002A2\ICT13580002A2.csproj", "{B98B370C-DAF3-4C5F-BBB0-67EDEE9D3EFD}"
EndProject
Project("{FAE04EC0-301F-11D3-BF4B-00C04F79EFBC}") = "ICT13580002A2.iOS", "iOS\ICT13580002A2.iOS.csproj", "{B82FFF5E-7B2F-4CD6-8E3E-A949CC678F16}"
EndProject
Global
	GlobalSection(SolutionConfigurationPlatforms) = preSolution
		Debug|Any CPU = Debug|Any CPU
		Release|Any CPU = Release|Any CPU
		Debug|iPhoneSimulator = Debug|iPhoneSimulator
		Release|iPhone = Release|iPhone
		Release|iPhoneSimulator = Release|iPhoneSimulator
		Debug|iPhone = Debug|iPhone
	EndGlobalSection
	GlobalSection(ProjectConfigurationPlatforms) = postSolution
		{B98B370C-DAF3-4C5F-BBB0-67EDEE9D3EFD}.Debug|Any CPU.ActiveCfg = Debug|Any CPU
		{B98B370C-DAF3-4C5F-BBB0-67EDEE9D3EFD}.Debug|Any CPU.Build.0 = Debug|Any CPU
		{B98B370C-DAF3-4C5F-BBB0-67EDEE9D3EFD}.Release|Any CPU.ActiveCfg = Release|Any CPU
		{B98B370C-DAF3-4C5F-BBB0-67EDEE9D3EFD}.Release|Any CPU.Build.0 = Release|Any CPU
		{B98B370C-DAF3-4C5F-BBB0-67EDEE9D3EFD}.Debug|iPhoneSimulator.ActiveCfg = Debug|Any CPU
		{B98B370C-DAF3-4C5F-BBB0-67EDEE9D3EFD}.Debug|iPhoneSimulator.Build.0 = Debug|Any CPU
		{B98B370C-DAF3-4C5F-BBB0-67EDEE9D3EFD}.Release|iPhone.ActiveCfg = Release|Any CPU
		{B98B370C-DAF3-4C5F-BBB0-67EDEE9D3EFD}.Release|iPhone.Build.0 = Release|Any CPU
		{B98B370C-DAF3-4C5F-BBB0-67EDEE9D3EFD}.Release|iPhoneSimulator.ActiveCfg = Release|Any CPU
		{B98B370C-DAF3-4C5F-BBB0-67EDEE9D3EFD}.Release|iPhoneSimulator.Build.0 = Release|Any CPU
		{B98B370C-DAF3-4C5F-BBB0-67EDEE9D3EFD}.Debug|iPhone.ActiveCfg = Debug|Any CPU
		{B98B370C-DAF3-4C5F-BBB0-67EDEE9D3EFD}.Debug|iPhone.Build.0 = Debug|Any CPU
		{B82FFF5E-7B2F-4CD6-8E3E-A949CC678F16}.Debug|Any CPU.ActiveCfg = Debug|iPhoneSimulator
		{B82FFF5E-7B2F-4CD6-8E3E-A949CC678F16}.Debug|Any CPU.Build.0 = Debug|iPhoneSimulator
		{B82FFF5E-7B2F-4CD6-8E3E-A949CC678F16}.Release|Any CPU.ActiveCfg = Release|iPhone
		{B82FFF5E-7B2F-4CD6-8E3E-A949CC678F16}.Release|Any CPU.Build.0 = Release|iPhone
		{B82FFF5E-7B2F-4CD6-8E3E-A949CC678F16}.Debug|iPhoneSimulator.ActiveCfg = Debug|iPhoneSimulator
		{B82FFF5E-7B2F-4CD6-8E3E-A949CC678F16}.Debug|iPhoneSimulator.Build.0 = Debug|iPhoneSimulator
		{B82FFF5E-7B2F-4CD6-8E3E-A949CC678F16}.Release|iPhone.ActiveCfg = Release|iPhone
		{B82FFF5E-7B2F-4CD6-8E3E-A949CC678F16}.Release|iPhone.Build.0 = Release|iPhone
		{B82FFF5E-7B2F-4CD6-8E3E-A949CC678F16}.Release|iPhoneSimulator.ActiveCfg = Release|iPhoneSimulator
		{B82FFF5E-7B2F-4CD6-8E3E-A949CC678F16}.Release|iPhoneSimulator.Build.0 = Release|iPhoneSimulator
		{B82FFF5E-7B2F-4CD6-8E3E-A949CC678F16}.Debug|iPhone.ActiveCfg = Debug|iPhone
		{B82FFF5E-7B2F-4CD6-8E3E-A949CC678F16}.Debug|iPhone.Build.0 = Debug|iPhone
	EndGlobalSection
EndGlobal
